
Microsoft Visual Studio Solution File, Format Version 12.00
# Visual Studio Version 16
VisualStudioVersion = 16.0.29509.3
MinimumVisualStudioVersion = 10.0.40219.1
Project("{FAE04EC0-301F-11D3-BF4B-00C04F79EFBC}") = "MonoPong", "MonoPong\MonoPong.csproj", "{4A255259-A6A9-41BF-8C16-EB4CAA522F35}"
EndProject
Global
	GlobalSection(SolutionConfigurationPlatforms) = preSolution
		Debug|Any CPU = Debug|Any CPU
		Release|Any CPU = Release|Any CPU
	EndGlobalSection
	GlobalSection(ProjectConfigurationPlatforms) = postSolution
		{4A255259-A6A9-41BF-8C16-EB4CAA522F35}.Debug|Any CPU.ActiveCfg = Debug|Any CPU
		{4A255259-A6A9-41BF-8C16-EB4CAA522F35}.Debug|Any CPU.Build.0 = Debug|Any CPU
		{4A255259-A6A9-41BF-8C16-EB4CAA522F35}.Release|Any CPU.ActiveCfg = Release|Any CPU
		{4A255259-A6A9-41BF-8C16-EB4CAA522F35}.Release|Any CPU.Build.0 = Release|Any CPU
	EndGlobalSection
	GlobalSection(SolutionProperties) = preSolution
		HideSolutionNode = FALSE
	EndGlobalSection
	GlobalSection(ExtensibilityGlobals) = postSolution
		SolutionGuid = {EE37CAA4-D419-4B15-8D13-79CDF2DEE856}
	EndGlobalSection
EndGlobal
